
Microsoft Visual Studio Solution File, Format Version 12.00
# Visual Studio Version 17
VisualStudioVersion = 17.9.34622.214
MinimumVisualStudioVersion = 10.0.40219.1
Project("{FAE04EC0-301F-11D3-BF4B-00C04F79EFBC}") = "ShelfScan", "ShelfScan\ShelfScan.csproj", "{C39C76C3-6FED-4C80-91AB-DA8AD41BD623}"
EndProject
Global
	GlobalSection(SolutionConfigurationPlatforms) = preSolution
		Debug|Any CPU = Debug|Any CPU
		Release|Any CPU = Release|Any CPU
	EndGlobalSection
	GlobalSection(ProjectConfigurationPlatforms) = postSolution
		{C39C76C3-6FED-4C80-91AB-DA8AD41BD623}.Debug|Any CPU.ActiveCfg = Debug|Any CPU
		{C39C76C3-6FED-4C80-91AB-DA8AD41BD623}.Debug|Any CPU.Build.0 = Debug|Any CPU
		{C39C76C3-6FED-4C80-91AB-DA8AD41BD623}.Release|Any CPU.ActiveCfg = Release|Any CPU
		{C39C76C3-6FED-4C80-91AB-DA8AD41BD623}.Release|Any CPU.Build.0 = Release|Any CPU
	EndGlobalSection
	GlobalSection(SolutionProperties) = preSolution
		HideSolutionNode = FALSE
	EndGlobalSection
	GlobalSection(ExtensibilityGlobals) = postSolution
		SolutionGuid = {0107E2E3-F865-45D3-B021-1B8B72D9A915}
	EndGlobalSection
EndGlobal
